<Solution>
  <Configurations>
    <Platform Name="x64" />
    <Platform Name="x86" />
  </Configurations>
  <Project Path="../../../../../../../../Programming C++ Hadhod/C++ Course 11/Lesson #01 - Find Client/Lesson #01 - Find Client/Lesson #01 - Find Client.vcxproj" Id="71ce1c8e-a4d8-4c6e-a145-d4babe50ad8b" />
</Solution>
